
Microsoft Visual Studio Solution File, Format Version 12.00
# Visual Studio Version 17
VisualStudioVersion = 17.9.34622.214
MinimumVisualStudioVersion = 10.0.40219.1
Project("{FAE04EC0-301F-11D3-BF4B-00C04F79EFBC}") = "lab10", "lab10\lab10.csproj", "{1D4CAFB1-228E-41B4-8330-36F74C388F39}"
EndProject
Global
	GlobalSection(SolutionConfigurationPlatforms) = preSolution
		Debug|Any CPU = Debug|Any CPU
		Release|Any CPU = Release|Any CPU
	EndGlobalSection
	GlobalSection(ProjectConfigurationPlatforms) = postSolution
		{1D4CAFB1-228E-41B4-8330-36F74C388F39}.Debug|Any CPU.ActiveCfg = Debug|Any CPU
		{1D4CAFB1-228E-41B4-8330-36F74C388F39}.Debug|Any CPU.Build.0 = Debug|Any CPU
		{1D4CAFB1-228E-41B4-8330-36F74C388F39}.Release|Any CPU.ActiveCfg = Release|Any CPU
		{1D4CAFB1-228E-41B4-8330-36F74C388F39}.Release|Any CPU.Build.0 = Release|Any CPU
	EndGlobalSection
	GlobalSection(SolutionProperties) = preSolution
		HideSolutionNode = FALSE
	EndGlobalSection
	GlobalSection(ExtensibilityGlobals) = postSolution
		SolutionGuid = {1E77B910-A352-40A9-8DA6-3ED4E590FBB8}
	EndGlobalSection
EndGlobal
