
Microsoft Visual Studio Solution File, Format Version 12.00
Project("{FAE04EC0-301F-11D3-BF4B-00C04F79EFBC}") = "Model", "Model\Model.csproj", "{4427DAEB-97EA-4E9F-B76F-EF4536686D3C}"
EndProject
Project("{FAE04EC0-301F-11D3-BF4B-00C04F79EFBC}") = "Networking", "Networking\Networking.csproj", "{66F8BF46-6461-4365-B2A6-2BABE31FDBD2}"
EndProject
Project("{FAE04EC0-301F-11D3-BF4B-00C04F79EFBC}") = "Server", "Server\Server.csproj", "{7431E8C8-D9B0-43FB-893E-5A5561324605}"
EndProject
Project("{FAE04EC0-301F-11D3-BF4B-00C04F79EFBC}") = "Persistence", "Persistence\Persistence.csproj", "{8A4BC3E7-3160-41D0-87E5-685896AFFFA5}"
EndProject
Project("{FAE04EC0-301F-11D3-BF4B-00C04F79EFBC}") = "Services", "Services\Services.csproj", "{38FBCD6D-2464-4924-AC2C-3BCC36D6FBE2}"
EndProject
Project("{FAE04EC0-301F-11D3-BF4B-00C04F79EFBC}") = "Client", "Client\Client.csproj", "{9A0F78AA-48BF-42F5-B2D8-A2E98CE781B5}"
EndProject
Global
	GlobalSection(SolutionConfigurationPlatforms) = preSolution
		Debug|Any CPU = Debug|Any CPU
		Release|Any CPU = Release|Any CPU
	EndGlobalSection
	GlobalSection(ProjectConfigurationPlatforms) = postSolution
		{4427DAEB-97EA-4E9F-B76F-EF4536686D3C}.Debug|Any CPU.ActiveCfg = Debug|Any CPU
		{4427DAEB-97EA-4E9F-B76F-EF4536686D3C}.Debug|Any CPU.Build.0 = Debug|Any CPU
		{4427DAEB-97EA-4E9F-B76F-EF4536686D3C}.Release|Any CPU.ActiveCfg = Release|Any CPU
		{4427DAEB-97EA-4E9F-B76F-EF4536686D3C}.Release|Any CPU.Build.0 = Release|Any CPU
		{66F8BF46-6461-4365-B2A6-2BABE31FDBD2}.Debug|Any CPU.ActiveCfg = Debug|Any CPU
		{66F8BF46-6461-4365-B2A6-2BABE31FDBD2}.Debug|Any CPU.Build.0 = Debug|Any CPU
		{66F8BF46-6461-4365-B2A6-2BABE31FDBD2}.Release|Any CPU.ActiveCfg = Release|Any CPU
		{66F8BF46-6461-4365-B2A6-2BABE31FDBD2}.Release|Any CPU.Build.0 = Release|Any CPU
		{7431E8C8-D9B0-43FB-893E-5A5561324605}.Debug|Any CPU.ActiveCfg = Debug|Any CPU
		{7431E8C8-D9B0-43FB-893E-5A5561324605}.Debug|Any CPU.Build.0 = Debug|Any CPU
		{7431E8C8-D9B0-43FB-893E-5A5561324605}.Release|Any CPU.ActiveCfg = Release|Any CPU
		{7431E8C8-D9B0-43FB-893E-5A5561324605}.Release|Any CPU.Build.0 = Release|Any CPU
		{8A4BC3E7-3160-41D0-87E5-685896AFFFA5}.Debug|Any CPU.ActiveCfg = Debug|Any CPU
		{8A4BC3E7-3160-41D0-87E5-685896AFFFA5}.Debug|Any CPU.Build.0 = Debug|Any CPU
		{8A4BC3E7-3160-41D0-87E5-685896AFFFA5}.Release|Any CPU.ActiveCfg = Release|Any CPU
		{8A4BC3E7-3160-41D0-87E5-685896AFFFA5}.Release|Any CPU.Build.0 = Release|Any CPU
		{38FBCD6D-2464-4924-AC2C-3BCC36D6FBE2}.Debug|Any CPU.ActiveCfg = Debug|Any CPU
		{38FBCD6D-2464-4924-AC2C-3BCC36D6FBE2}.Debug|Any CPU.Build.0 = Debug|Any CPU
		{38FBCD6D-2464-4924-AC2C-3BCC36D6FBE2}.Release|Any CPU.ActiveCfg = Release|Any CPU
		{38FBCD6D-2464-4924-AC2C-3BCC36D6FBE2}.Release|Any CPU.Build.0 = Release|Any CPU
		{9A0F78AA-48BF-42F5-B2D8-A2E98CE781B5}.Debug|Any CPU.ActiveCfg = Debug|Any CPU
		{9A0F78AA-48BF-42F5-B2D8-A2E98CE781B5}.Debug|Any CPU.Build.0 = Debug|Any CPU
		{9A0F78AA-48BF-42F5-B2D8-A2E98CE781B5}.Release|Any CPU.ActiveCfg = Release|Any CPU
		{9A0F78AA-48BF-42F5-B2D8-A2E98CE781B5}.Release|Any CPU.Build.0 = Release|Any CPU
	EndGlobalSection
EndGlobal
