
Microsoft Visual Studio Solution File, Format Version 12.00
# Visual Studio Version 17
VisualStudioVersion = 17.9.34622.214
MinimumVisualStudioVersion = 10.0.40219.1
Project("{8BC9CEB8-8B4A-11D0-8D11-00A0C91BC942}") = "ex2", "ex2\ex2.vcxproj", "{FEFC92D6-8BC4-407C-8A01-B4CF0E257C40}"
EndProject
Global
	GlobalSection(SolutionConfigurationPlatforms) = preSolution
		Debug|x64 = Debug|x64
		Debug|x86 = Debug|x86
		Release|x64 = Release|x64
		Release|x86 = Release|x86
	EndGlobalSection
	GlobalSection(ProjectConfigurationPlatforms) = postSolution
		{FEFC92D6-8BC4-407C-8A01-B4CF0E257C40}.Debug|x64.ActiveCfg = Debug|x64
		{FEFC92D6-8BC4-407C-8A01-B4CF0E257C40}.Debug|x64.Build.0 = Debug|x64
		{FEFC92D6-8BC4-407C-8A01-B4CF0E257C40}.Debug|x86.ActiveCfg = Debug|Win32
		{FEFC92D6-8BC4-407C-8A01-B4CF0E257C40}.Debug|x86.Build.0 = Debug|Win32
		{FEFC92D6-8BC4-407C-8A01-B4CF0E257C40}.Release|x64.ActiveCfg = Release|x64
		{FEFC92D6-8BC4-407C-8A01-B4CF0E257C40}.Release|x64.Build.0 = Release|x64
		{FEFC92D6-8BC4-407C-8A01-B4CF0E257C40}.Release|x86.ActiveCfg = Release|Win32
		{FEFC92D6-8BC4-407C-8A01-B4CF0E257C40}.Release|x86.Build.0 = Release|Win32
	EndGlobalSection
	GlobalSection(SolutionProperties) = preSolution
		HideSolutionNode = FALSE
	EndGlobalSection
	GlobalSection(ExtensibilityGlobals) = postSolution
		SolutionGuid = {6B28C1DE-EE43-4433-8745-AE5C3F026110}
	EndGlobalSection
EndGlobal
