
Microsoft Visual Studio Solution File, Format Version 12.00
# Visual Studio Version 17
VisualStudioVersion = 17.9.34622.214
MinimumVisualStudioVersion = 10.0.40219.1
Project("{8BC9CEB8-8B4A-11D0-8D11-00A0C91BC942}") = "ex7", "ex7\ex7.vcxproj", "{044150D5-2CA0-4F8E-974A-AB638F355B8C}"
EndProject
Global
	GlobalSection(SolutionConfigurationPlatforms) = preSolution
		Debug|x64 = Debug|x64
		Debug|x86 = Debug|x86
		Release|x64 = Release|x64
		Release|x86 = Release|x86
	EndGlobalSection
	GlobalSection(ProjectConfigurationPlatforms) = postSolution
		{044150D5-2CA0-4F8E-974A-AB638F355B8C}.Debug|x64.ActiveCfg = Debug|x64
		{044150D5-2CA0-4F8E-974A-AB638F355B8C}.Debug|x64.Build.0 = Debug|x64
		{044150D5-2CA0-4F8E-974A-AB638F355B8C}.Debug|x86.ActiveCfg = Debug|Win32
		{044150D5-2CA0-4F8E-974A-AB638F355B8C}.Debug|x86.Build.0 = Debug|Win32
		{044150D5-2CA0-4F8E-974A-AB638F355B8C}.Release|x64.ActiveCfg = Release|x64
		{044150D5-2CA0-4F8E-974A-AB638F355B8C}.Release|x64.Build.0 = Release|x64
		{044150D5-2CA0-4F8E-974A-AB638F355B8C}.Release|x86.ActiveCfg = Release|Win32
		{044150D5-2CA0-4F8E-974A-AB638F355B8C}.Release|x86.Build.0 = Release|Win32
	EndGlobalSection
	GlobalSection(SolutionProperties) = preSolution
		HideSolutionNode = FALSE
	EndGlobalSection
	GlobalSection(ExtensibilityGlobals) = postSolution
		SolutionGuid = {F0D193E3-5835-4CB4-B603-F7DC1C4A40B0}
	EndGlobalSection
EndGlobal
