
Microsoft Visual Studio Solution File, Format Version 12.00
# Visual Studio Version 17
VisualStudioVersion = 17.9.34622.214
MinimumVisualStudioVersion = 10.0.40219.1
Project("{8BC9CEB8-8B4A-11D0-8D11-00A0C91BC942}") = "aplicatie_filme", "aplicatie_filme\aplicatie_filme.vcxproj", "{CF31C49B-E019-40E7-A5F9-AF0AC80C5855}"
EndProject
Global
	GlobalSection(SolutionConfigurationPlatforms) = preSolution
		Debug|x64 = Debug|x64
		Debug|x86 = Debug|x86
		Release|x64 = Release|x64
		Release|x86 = Release|x86
	EndGlobalSection
	GlobalSection(ProjectConfigurationPlatforms) = postSolution
		{CF31C49B-E019-40E7-A5F9-AF0AC80C5855}.Debug|x64.ActiveCfg = Debug|x64
		{CF31C49B-E019-40E7-A5F9-AF0AC80C5855}.Debug|x64.Build.0 = Debug|x64
		{CF31C49B-E019-40E7-A5F9-AF0AC80C5855}.Debug|x86.ActiveCfg = Debug|Win32
		{CF31C49B-E019-40E7-A5F9-AF0AC80C5855}.Debug|x86.Build.0 = Debug|Win32
		{CF31C49B-E019-40E7-A5F9-AF0AC80C5855}.Release|x64.ActiveCfg = Release|x64
		{CF31C49B-E019-40E7-A5F9-AF0AC80C5855}.Release|x64.Build.0 = Release|x64
		{CF31C49B-E019-40E7-A5F9-AF0AC80C5855}.Release|x86.ActiveCfg = Release|Win32
		{CF31C49B-E019-40E7-A5F9-AF0AC80C5855}.Release|x86.Build.0 = Release|Win32
	EndGlobalSection
	GlobalSection(SolutionProperties) = preSolution
		HideSolutionNode = FALSE
	EndGlobalSection
	GlobalSection(ExtensibilityGlobals) = postSolution
		SolutionGuid = {6367276B-D9E8-42B9-856C-F0B7CA19E1FD}
	EndGlobalSection
EndGlobal
